{
  "version": 4,
  "terraform_version": "1.4.6",
  "serial": 108,
  "lineage": "06797eca-bd1c-dfbc-69ae-5898d216c531",
  "outputs": {},
  "resources": [
    {
      "module": "module.gateway",
      "mode": "managed",
      "type": "azurerm_application_gateway",
      "name": "ap_gw",
      "provider": "provider[\"registry.terraform.io/hashicorp/azurerm\"]",
      "instances": [
        {
          "schema_version": 0,
          "attributes": {
            "authentication_certificate": [],
            "autoscale_configuration": [],
            "backend_address_pool": [
              {
                "fqdns": [],
                "id": "/subscriptions/efb2fb9e-cab9-4e22-978c-65d87bb5f025/resourceGroups/individual-project/providers/Microsoft.Network/applicationGateways/appgateway/backendAddressPools/main-beap",
                "ip_addresses": [],
                "name": "main-beap"
              }
            ],
            "backend_http_settings": [
              {
                "affinity_cookie_name": "",
                "authentication_certificate": [],
                "connection_draining": [],
                "cookie_based_affinity": "Enabled",
                "host_name": "",
                "id": "/subscriptions/efb2fb9e-cab9-4e22-978c-65d87bb5f025/resourceGroups/individual-project/providers/Microsoft.Network/applicationGateways/appgateway/backendHttpSettingsCollection/main-be-htst",
                "name": "main-be-htst",
                "path": "",
                "pick_host_name_from_backend_address": false,
                "port": 80,
                "probe_id": "",
                "probe_name": "",
                "protocol": "Http",
                "request_timeout": 60,
                "trusted_root_certificate_names": []
              }
            ],
            "custom_error_configuration": [],
            "enable_http2": false,
            "fips_enabled": false,
            "firewall_policy_id": null,
            "force_firewall_policy_association": false,
            "frontend_ip_configuration": [
              {
                "id": "/subscriptions/efb2fb9e-cab9-4e22-978c-65d87bb5f025/resourceGroups/individual-project/providers/Microsoft.Network/applicationGateways/appgateway/frontendIPConfigurations/main-feip",
                "name": "main-feip",
                "private_ip_address": "",
                "private_ip_address_allocation": "Dynamic",
                "private_link_configuration_id": "",
                "private_link_configuration_name": "",
                "public_ip_address_id": "/subscriptions/efb2fb9e-cab9-4e22-978c-65d87bb5f025/resourceGroups/individual-project/providers/Microsoft.Network/publicIPAddresses/pub-ip",
                "subnet_id": ""
              }
            ],
            "frontend_port": [
              {
                "id": "/subscriptions/efb2fb9e-cab9-4e22-978c-65d87bb5f025/resourceGroups/individual-project/providers/Microsoft.Network/applicationGateways/appgateway/frontendPorts/main-feport",
                "name": "main-feport",
                "port": 80
              }
            ],
            "gateway_ip_configuration": [
              {
                "id": "/subscriptions/efb2fb9e-cab9-4e22-978c-65d87bb5f025/resourceGroups/individual-project/providers/Microsoft.Network/applicationGateways/appgateway/gatewayIPConfigurations/gateway-ip-configuration",
                "name": "gateway-ip-configuration",
                "subnet_id": "/subscriptions/efb2fb9e-cab9-4e22-978c-65d87bb5f025/resourceGroups/individual-project/providers/Microsoft.Network/virtualNetworks/main/subnets/gw-subnet"
              }
            ],
            "http_listener": [
              {
                "custom_error_configuration": [],
                "firewall_policy_id": "",
                "frontend_ip_configuration_id": "/subscriptions/efb2fb9e-cab9-4e22-978c-65d87bb5f025/resourceGroups/individual-project/providers/Microsoft.Network/applicationGateways/appgateway/frontendIPConfigurations/main-feip",
                "frontend_ip_configuration_name": "main-feip",
                "frontend_port_id": "/subscriptions/efb2fb9e-cab9-4e22-978c-65d87bb5f025/resourceGroups/individual-project/providers/Microsoft.Network/applicationGateways/appgateway/frontendPorts/main-feport",
                "frontend_port_name": "main-feport",
                "host_name": "",
                "host_names": [],
                "id": "/subscriptions/efb2fb9e-cab9-4e22-978c-65d87bb5f025/resourceGroups/individual-project/providers/Microsoft.Network/applicationGateways/appgateway/httpListeners/main-httplstn",
                "name": "main-httplstn",
                "protocol": "Http",
                "require_sni": false,
                "ssl_certificate_id": "",
                "ssl_certificate_name": "",
                "ssl_profile_id": "",
                "ssl_profile_name": ""
              }
            ],
            "id": "/subscriptions/efb2fb9e-cab9-4e22-978c-65d87bb5f025/resourceGroups/individual-project/providers/Microsoft.Network/applicationGateways/appgateway",
            "identity": [],
            "location": "westeurope",
            "name": "appgateway",
            "private_endpoint_connection": [],
            "private_link_configuration": [],
            "probe": [],
            "redirect_configuration": [],
            "request_routing_rule": [
              {
                "backend_address_pool_id": "/subscriptions/efb2fb9e-cab9-4e22-978c-65d87bb5f025/resourceGroups/individual-project/providers/Microsoft.Network/applicationGateways/appgateway/backendAddressPools/main-beap",
                "backend_address_pool_name": "main-beap",
                "backend_http_settings_id": "/subscriptions/efb2fb9e-cab9-4e22-978c-65d87bb5f025/resourceGroups/individual-project/providers/Microsoft.Network/applicationGateways/appgateway/backendHttpSettingsCollection/main-be-htst",
                "backend_http_settings_name": "main-be-htst",
                "http_listener_id": "/subscriptions/efb2fb9e-cab9-4e22-978c-65d87bb5f025/resourceGroups/individual-project/providers/Microsoft.Network/applicationGateways/appgateway/httpListeners/main-httplstn",
                "http_listener_name": "main-httplstn",
                "id": "/subscriptions/efb2fb9e-cab9-4e22-978c-65d87bb5f025/resourceGroups/individual-project/providers/Microsoft.Network/applicationGateways/appgateway/requestRoutingRules/main-rqrt",
                "name": "main-rqrt",
                "priority": 0,
                "redirect_configuration_id": "",
                "redirect_configuration_name": "",
                "rewrite_rule_set_id": "",
                "rewrite_rule_set_name": "",
                "rule_type": "Basic",
                "url_path_map_id": "",
                "url_path_map_name": ""
              }
            ],
            "resource_group_name": "individual-project",
            "rewrite_rule_set": [],
            "sku": [
              {
                "capacity": 2,
                "name": "Standard_v2",
                "tier": "Standard_v2"
              }
            ],
            "ssl_certificate": [],
            "ssl_policy": [
              {
                "cipher_suites": [],
                "disabled_protocols": [],
                "min_protocol_version": "",
                "policy_name": "AppGwSslPolicy20150501",
                "policy_type": "Predefined"
              }
            ],
            "ssl_profile": [],
            "tags": null,
            "timeouts": null,
            "trusted_client_certificate": [],
            "trusted_root_certificate": [],
            "url_path_map": [],
            "waf_configuration": [],
            "zones": [
              "1",
              "2",
              "3"
            ]
          },
          "sensitive_attributes": [],
          "private": "eyJlMmJmYjczMC1lY2FhLTExZTYtOGY4OC0zNDM2M2JjN2M0YzAiOnsiY3JlYXRlIjo1NDAwMDAwMDAwMDAwLCJkZWxldGUiOjU0MDAwMDAwMDAwMDAsInJlYWQiOjMwMDAwMDAwMDAwMCwidXBkYXRlIjo1NDAwMDAwMDAwMDAwfX0=",
          "dependencies": [
            "module.gateway.azurerm_public_ip.pub_ip",
            "module.networking.azurerm_subnet.gw-subnet",
            "module.networking.azurerm_virtual_network.main",
            "module.resourcegroup.azurerm_resource_group.individual-project"
          ]
        }
      ]
    },
    {
      "module": "module.gateway",
      "mode": "managed",
      "type": "azurerm_public_ip",
      "name": "pub_ip",
      "provider": "provider[\"registry.terraform.io/hashicorp/azurerm\"]",
      "instances": [
        {
          "schema_version": 0,
          "attributes": {
            "allocation_method": "Static",
            "domain_name_label": null,
            "edge_zone": "",
            "fqdn": null,
            "id": "/subscriptions/efb2fb9e-cab9-4e22-978c-65d87bb5f025/resourceGroups/individual-project/providers/Microsoft.Network/publicIPAddresses/pub-ip",
            "idle_timeout_in_minutes": 4,
            "ip_address": "20.93.240.192",
            "ip_tags": null,
            "ip_version": "IPv4",
            "location": "westeurope",
            "name": "pub-ip",
            "public_ip_prefix_id": null,
            "resource_group_name": "individual-project",
            "reverse_fqdn": null,
            "sku": "Standard",
            "sku_tier": "Regional",
            "tags": null,
            "timeouts": null,
            "zones": [
              "1",
              "2",
              "3"
            ]
          },
          "sensitive_attributes": [],
          "private": "eyJlMmJmYjczMC1lY2FhLTExZTYtOGY4OC0zNDM2M2JjN2M0YzAiOnsiY3JlYXRlIjoxODAwMDAwMDAwMDAwLCJkZWxldGUiOjE4MDAwMDAwMDAwMDAsInJlYWQiOjMwMDAwMDAwMDAwMCwidXBkYXRlIjoxODAwMDAwMDAwMDAwfX0=",
          "dependencies": [
            "module.resourcegroup.azurerm_resource_group.individual-project"
          ]
        }
      ]
    },
    {
      "module": "module.networking",
      "mode": "managed",
      "type": "azurerm_subnet",
      "name": "app-subnet",
      "provider": "provider[\"registry.terraform.io/hashicorp/azurerm\"]",
      "instances": [
        {
          "schema_version": 0,
          "attributes": {
            "address_prefixes": [
              "192.168.2.0/24"
            ],
            "delegation": [],
            "enforce_private_link_endpoint_network_policies": false,
            "enforce_private_link_service_network_policies": false,
            "id": "/subscriptions/efb2fb9e-cab9-4e22-978c-65d87bb5f025/resourceGroups/individual-project/providers/Microsoft.Network/virtualNetworks/main/subnets/app-subnet",
            "name": "app-subnet",
            "resource_group_name": "individual-project",
            "service_endpoint_policy_ids": null,
            "service_endpoints": null,
            "timeouts": null,
            "virtual_network_name": "main"
          },
          "sensitive_attributes": [],
          "private": "eyJlMmJmYjczMC1lY2FhLTExZTYtOGY4OC0zNDM2M2JjN2M0YzAiOnsiY3JlYXRlIjoxODAwMDAwMDAwMDAwLCJkZWxldGUiOjE4MDAwMDAwMDAwMDAsInJlYWQiOjMwMDAwMDAwMDAwMCwidXBkYXRlIjoxODAwMDAwMDAwMDAwfX0=",
          "dependencies": [
            "module.networking.azurerm_virtual_network.main",
            "module.resourcegroup.azurerm_resource_group.individual-project"
          ]
        }
      ]
    },
    {
      "module": "module.networking",
      "mode": "managed",
      "type": "azurerm_subnet",
      "name": "db-subnet",
      "provider": "provider[\"registry.terraform.io/hashicorp/azurerm\"]",
      "instances": [
        {
          "schema_version": 0,
          "attributes": {
            "address_prefixes": [
              "192.168.3.0/24"
            ],
            "delegation": [],
            "enforce_private_link_endpoint_network_policies": false,
            "enforce_private_link_service_network_policies": false,
            "id": "/subscriptions/efb2fb9e-cab9-4e22-978c-65d87bb5f025/resourceGroups/individual-project/providers/Microsoft.Network/virtualNetworks/main/subnets/db-subnet",
            "name": "db-subnet",
            "resource_group_name": "individual-project",
            "service_endpoint_policy_ids": null,
            "service_endpoints": null,
            "timeouts": null,
            "virtual_network_name": "main"
          },
          "sensitive_attributes": [],
          "private": "eyJlMmJmYjczMC1lY2FhLTExZTYtOGY4OC0zNDM2M2JjN2M0YzAiOnsiY3JlYXRlIjoxODAwMDAwMDAwMDAwLCJkZWxldGUiOjE4MDAwMDAwMDAwMDAsInJlYWQiOjMwMDAwMDAwMDAwMCwidXBkYXRlIjoxODAwMDAwMDAwMDAwfX0=",
          "dependencies": [
            "module.networking.azurerm_virtual_network.main",
            "module.resourcegroup.azurerm_resource_group.individual-project"
          ]
        }
      ]
    },
    {
      "module": "module.networking",
      "mode": "managed",
      "type": "azurerm_subnet",
      "name": "gw-subnet",
      "provider": "provider[\"registry.terraform.io/hashicorp/azurerm\"]",
      "instances": [
        {
          "schema_version": 0,
          "attributes": {
            "address_prefixes": [
              "192.168.1.0/24"
            ],
            "delegation": [],
            "enforce_private_link_endpoint_network_policies": false,
            "enforce_private_link_service_network_policies": false,
            "id": "/subscriptions/efb2fb9e-cab9-4e22-978c-65d87bb5f025/resourceGroups/individual-project/providers/Microsoft.Network/virtualNetworks/main/subnets/gw-subnet",
            "name": "gw-subnet",
            "resource_group_name": "individual-project",
            "service_endpoint_policy_ids": null,
            "service_endpoints": null,
            "timeouts": null,
            "virtual_network_name": "main"
          },
          "sensitive_attributes": [],
          "private": "eyJlMmJmYjczMC1lY2FhLTExZTYtOGY4OC0zNDM2M2JjN2M0YzAiOnsiY3JlYXRlIjoxODAwMDAwMDAwMDAwLCJkZWxldGUiOjE4MDAwMDAwMDAwMDAsInJlYWQiOjMwMDAwMDAwMDAwMCwidXBkYXRlIjoxODAwMDAwMDAwMDAwfX0=",
          "dependencies": [
            "module.networking.azurerm_virtual_network.main",
            "module.resourcegroup.azurerm_resource_group.individual-project"
          ]
        }
      ]
    },
    {
      "module": "module.networking",
      "mode": "managed",
      "type": "azurerm_virtual_network",
      "name": "main",
      "provider": "provider[\"registry.terraform.io/hashicorp/azurerm\"]",
      "instances": [
        {
          "schema_version": 0,
          "attributes": {
            "address_space": [
              "192.168.0.0/16"
            ],
            "bgp_community": "",
            "ddos_protection_plan": [],
            "dns_servers": [],
            "edge_zone": "",
            "flow_timeout_in_minutes": 0,
            "guid": "33b2fb8e-8aeb-4d0d-8e6c-497244761efe",
            "id": "/subscriptions/efb2fb9e-cab9-4e22-978c-65d87bb5f025/resourceGroups/individual-project/providers/Microsoft.Network/virtualNetworks/main",
            "location": "westeurope",
            "name": "main",
            "resource_group_name": "individual-project",
            "subnet": [],
            "tags": null,
            "timeouts": null
          },
          "sensitive_attributes": [],
          "private": "eyJlMmJmYjczMC1lY2FhLTExZTYtOGY4OC0zNDM2M2JjN2M0YzAiOnsiY3JlYXRlIjoxODAwMDAwMDAwMDAwLCJkZWxldGUiOjE4MDAwMDAwMDAwMDAsInJlYWQiOjMwMDAwMDAwMDAwMCwidXBkYXRlIjoxODAwMDAwMDAwMDAwfX0=",
          "dependencies": [
            "module.resourcegroup.azurerm_resource_group.individual-project"
          ]
        }
      ]
    },
    {
      "module": "module.resourcegroup",
      "mode": "managed",
      "type": "azurerm_resource_group",
      "name": "individual-project",
      "provider": "provider[\"registry.terraform.io/hashicorp/azurerm\"]",
      "instances": [
        {
          "schema_version": 0,
          "attributes": {
            "id": "/subscriptions/efb2fb9e-cab9-4e22-978c-65d87bb5f025/resourceGroups/individual-project",
            "location": "westeurope",
            "name": "individual-project",
            "tags": null,
            "timeouts": null
          },
          "sensitive_attributes": [],
          "private": "eyJlMmJmYjczMC1lY2FhLTExZTYtOGY4OC0zNDM2M2JjN2M0YzAiOnsiY3JlYXRlIjo1NDAwMDAwMDAwMDAwLCJkZWxldGUiOjU0MDAwMDAwMDAwMDAsInJlYWQiOjMwMDAwMDAwMDAwMCwidXBkYXRlIjo1NDAwMDAwMDAwMDAwfX0="
        }
      ]
    }
  ],
  "check_results": null
}
